{
  "name": "blankjs",
  "version": "1.0.0",
  "lockfileVersion": 1,
  "requires": true,
  "dependencies": {
    "gscript2020": {
      "version": "git+https://github.com/Ehawk82/gScript2020.git#67ce5f307b59b480a63634820d517b822c8514e5",
      "from": "git+https://github.com/Ehawk82/gScript2020.git"
    }
  }
}
